// !$*UTF8*$!
{
	archiveVersion = 1;
	classes = {
	};
	objectVersion = 56;
	objects = {

/* Begin PBXBuildFile section */
		2F2FA37B2C37AC0D00415FB6 /* LandmarksApp.swift in Sources */ = {isa = PBXBuildFile; fileRef = 2F2FA37A2C37AC0D00415FB6 /* LandmarksApp.swift */; };
		2F2FA37D2C37AC0D00415FB6 /* HomeView.swift in Sources */ = {isa = PBXBuildFile; fileRef = 2F2FA37C2C37AC0D00415FB6 /* HomeView.swift */; };
		2F2FA37F2C37AC0E00415FB6 /* Assets.xcassets in Resources */ = {isa = PBXBuildFile; fileRef = 2F2FA37E2C37AC0E00415FB6 /* Assets.xcassets */; };
		2F2FA3822C37AC0E00415FB6 /* Preview Assets.xcassets in Resources */ = {isa = PBXBuildFile; fileRef = 2F2FA3812C37AC0E00415FB6 /* Preview Assets.xcassets */; };
		2F2FA3972C37AC5400415FB6 /* charleyrivers@2x.jpg in Resources */ = {isa = PBXBuildFile; fileRef = 2F2FA3882C37AC5400415FB6 /* charleyrivers@2x.jpg */; };
		2F2FA3982C37AC5400415FB6 /* chilkoottrail@2x.jpg in Resources */ = {isa = PBXBuildFile; fileRef = 2F2FA3892C37AC5400415FB6 /* chilkoottrail@2x.jpg */; };
		2F2FA3992C37AC5400415FB6 /* chincoteague@2x.jpg in Resources */ = {isa = PBXBuildFile; fileRef = 2F2FA38A2C37AC5400415FB6 /* chincoteague@2x.jpg */; };
		2F2FA39A2C37AC5400415FB6 /* hiddenlake@2x.jpg in Resources */ = {isa = PBXBuildFile; fileRef = 2F2FA38B2C37AC5400415FB6 /* hiddenlake@2x.jpg */; };
		2F2FA39B2C37AC5400415FB6 /* icybay@2x.jpg in Resources */ = {isa = PBXBuildFile; fileRef = 2F2FA38C2C37AC5400415FB6 /* icybay@2x.jpg */; };
		2F2FA39C2C37AC5400415FB6 /* lakemcdonald@2x.jpg in Resources */ = {isa = PBXBuildFile; fileRef = 2F2FA38D2C37AC5400415FB6 /* lakemcdonald@2x.jpg */; };
		2F2FA39D2C37AC5400415FB6 /* rainbowlake@2x.jpg in Resources */ = {isa = PBXBuildFile; fileRef = 2F2FA38E2C37AC5400415FB6 /* rainbowlake@2x.jpg */; };
		2F2FA39E2C37AC5400415FB6 /* silversalmoncreek@2x.jpg in Resources */ = {isa = PBXBuildFile; fileRef = 2F2FA38F2C37AC5400415FB6 /* silversalmoncreek@2x.jpg */; };
		2F2FA39F2C37AC5400415FB6 /* stmarylake@2x.jpg in Resources */ = {isa = PBXBuildFile; fileRef = 2F2FA3902C37AC5400415FB6 /* stmarylake@2x.jpg */; };
		2F2FA3A02C37AC5400415FB6 /* turtlerock@2x.jpg in Resources */ = {isa = PBXBuildFile; fileRef = 2F2FA3912C37AC5400415FB6 /* turtlerock@2x.jpg */; };
		2F2FA3A12C37AC5400415FB6 /* twinlake@2x.jpg in Resources */ = {isa = PBXBuildFile; fileRef = 2F2FA3922C37AC5400415FB6 /* twinlake@2x.jpg */; };
		2F2FA3A22C37AC5400415FB6 /* umbagog@2x.jpg in Resources */ = {isa = PBXBuildFile; fileRef = 2F2FA3932C37AC5400415FB6 /* umbagog@2x.jpg */; };
		2F2FA3A32C37AC5400415FB6 /* landmarkData.json in Resources */ = {isa = PBXBuildFile; fileRef = 2F2FA3952C37AC5400415FB6 /* landmarkData.json */; };
		2F2FA3A52C37AC8E00415FB6 /* LandmarksClient.swift in Sources */ = {isa = PBXBuildFile; fileRef = 2F2FA3A42C37AC8E00415FB6 /* LandmarksClient.swift */; };
		2F2FA3A72C37AD1F00415FB6 /* LandmarksViewModel.swift in Sources */ = {isa = PBXBuildFile; fileRef = 2F2FA3A62C37AD1F00415FB6 /* LandmarksViewModel.swift */; };
		2F2FA3A92C37AD4600415FB6 /* Landmark.swift in Sources */ = {isa = PBXBuildFile; fileRef = 2F2FA3A82C37AD4600415FB6 /* Landmark.swift */; };
/* End PBXBuildFile section */

/* Begin PBXFileReference section */
		2F2FA3772C37AC0D00415FB6 /* Landmarks.app */ = {isa = PBXFileReference; explicitFileType = wrapper.application; includeInIndex = 0; path = Landmarks.app; sourceTree = BUILT_PRODUCTS_DIR; };
		2F2FA37A2C37AC0D00415FB6 /* LandmarksApp.swift */ = {isa = PBXFileReference; lastKnownFileType = sourcecode.swift; path = LandmarksApp.swift; sourceTree = "<group>"; };
		2F2FA37C2C37AC0D00415FB6 /* HomeView.swift */ = {isa = PBXFileReference; lastKnownFileType = sourcecode.swift; path = HomeView.swift; sourceTree = "<group>"; };
		2F2FA37E2C37AC0E00415FB6 /* Assets.xcassets */ = {isa = PBXFileReference; lastKnownFileType = folder.assetcatalog; path = Assets.xcassets; sourceTree = "<group>"; };
		2F2FA3812C37AC0E00415FB6 /* Preview Assets.xcassets */ = {isa = PBXFileReference; lastKnownFileType = folder.assetcatalog; path = "Preview Assets.xcassets"; sourceTree = "<group>"; };
		2F2FA3882C37AC5400415FB6 /* charleyrivers@2x.jpg */ = {isa = PBXFileReference; lastKnownFileType = image.jpeg; path = "charleyrivers@2x.jpg"; sourceTree = "<group>"; };
		2F2FA3892C37AC5400415FB6 /* chilkoottrail@2x.jpg */ = {isa = PBXFileReference; lastKnownFileType = image.jpeg; path = "chilkoottrail@2x.jpg"; sourceTree = "<group>"; };
		2F2FA38A2C37AC5400415FB6 /* chincoteague@2x.jpg */ = {isa = PBXFileReference; lastKnownFileType = image.jpeg; path = "chincoteague@2x.jpg"; sourceTree = "<group>"; };
		2F2FA38B2C37AC5400415FB6 /* hiddenlake@2x.jpg */ = {isa = PBXFileReference; lastKnownFileType = image.jpeg; path = "hiddenlake@2x.jpg"; sourceTree = "<group>"; };
		2F2FA38C2C37AC5400415FB6 /* icybay@2x.jpg */ = {isa = PBXFileReference; lastKnownFileType = image.jpeg; path = "icybay@2x.jpg"; sourceTree = "<group>"; };
		2F2FA38D2C37AC5400415FB6 /* lakemcdonald@2x.jpg */ = {isa = PBXFileReference; lastKnownFileType = image.jpeg; path = "lakemcdonald@2x.jpg"; sourceTree = "<group>"; };
		2F2FA38E2C37AC5400415FB6 /* rainbowlake@2x.jpg */ = {isa = PBXFileReference; lastKnownFileType = image.jpeg; path = "rainbowlake@2x.jpg"; sourceTree = "<group>"; };
		2F2FA38F2C37AC5400415FB6 /* silversalmoncreek@2x.jpg */ = {isa = PBXFileReference; lastKnownFileType = image.jpeg; path = "silversalmoncreek@2x.jpg"; sourceTree = "<group>"; };
		2F2FA3902C37AC5400415FB6 /* stmarylake@2x.jpg */ = {isa = PBXFileReference; lastKnownFileType = image.jpeg; path = "stmarylake@2x.jpg"; sourceTree = "<group>"; };
		2F2FA3912C37AC5400415FB6 /* turtlerock@2x.jpg */ = {isa = PBXFileReference; lastKnownFileType = image.jpeg; path = "turtlerock@2x.jpg"; sourceTree = "<group>"; };
		2F2FA3922C37AC5400415FB6 /* twinlake@2x.jpg */ = {isa = PBXFileReference; lastKnownFileType = image.jpeg; path = "twinlake@2x.jpg"; sourceTree = "<group>"; };
		2F2FA3932C37AC5400415FB6 /* umbagog@2x.jpg */ = {isa = PBXFileReference; lastKnownFileType = image.jpeg; path = "umbagog@2x.jpg"; sourceTree = "<group>"; };
		2F2FA3952C37AC5400415FB6 /* landmarkData.json */ = {isa = PBXFileReference; fileEncoding = 4; lastKnownFileType = text.json; path = landmarkData.json; sourceTree = "<group>"; };
		2F2FA3A42C37AC8E00415FB6 /* LandmarksClient.swift */ = {isa = PBXFileReference; lastKnownFileType = sourcecode.swift; path = LandmarksClient.swift; sourceTree = "<group>"; };
		2F2FA3A62C37AD1F00415FB6 /* LandmarksViewModel.swift */ = {isa = PBXFileReference; lastKnownFileType = sourcecode.swift; path = LandmarksViewModel.swift; sourceTree = "<group>"; };
		2F2FA3A82C37AD4600415FB6 /* Landmark.swift */ = {isa = PBXFileReference; lastKnownFileType = sourcecode.swift; path = Landmark.swift; sourceTree = "<group>"; };
/* End PBXFileReference section */

/* Begin PBXFrameworksBuildPhase section */
		2F2FA3742C37AC0D00415FB6 /* Frameworks */ = {
			isa = PBXFrameworksBuildPhase;
			buildActionMask = 2147483647;
			files = (
			);
			runOnlyForDeploymentPostprocessing = 0;
		};
/* End PBXFrameworksBuildPhase section */

/* Begin PBXGroup section */
		2F2FA36E2C37AC0D00415FB6 = {
			isa = PBXGroup;
			children = (
				2F2FA3792C37AC0D00415FB6 /* Landmarks */,
				2F2FA3782C37AC0D00415FB6 /* Products */,
			);
			sourceTree = "<group>";
		};
		2F2FA3782C37AC0D00415FB6 /* Products */ = {
			isa = PBXGroup;
			children = (
				2F2FA3772C37AC0D00415FB6 /* Landmarks.app */,
			);
			name = Products;
			sourceTree = "<group>";
		};
		2F2FA3792C37AC0D00415FB6 /* Landmarks */ = {
			isa = PBXGroup;
			children = (
				2F2FA37C2C37AC0D00415FB6 /* HomeView.swift */,
				2F2FA3A82C37AD4600415FB6 /* Landmark.swift */,
				2F2FA37A2C37AC0D00415FB6 /* LandmarksApp.swift */,
				2F2FA3A42C37AC8E00415FB6 /* LandmarksClient.swift */,
				2F2FA3A62C37AD1F00415FB6 /* LandmarksViewModel.swift */,
				2F2FA37E2C37AC0E00415FB6 /* Assets.xcassets */,
				2F2FA3802C37AC0E00415FB6 /* Preview Content */,
				2F2FA3962C37AC5400415FB6 /* Resources */,
			);
			path = Landmarks;
			sourceTree = "<group>";
		};
		2F2FA3802C37AC0E00415FB6 /* Preview Content */ = {
			isa = PBXGroup;
			children = (
				2F2FA3812C37AC0E00415FB6 /* Preview Assets.xcassets */,
			);
			path = "Preview Content";
			sourceTree = "<group>";
		};
		2F2FA3942C37AC5400415FB6 /* Images */ = {
			isa = PBXGroup;
			children = (
				2F2FA3882C37AC5400415FB6 /* charleyrivers@2x.jpg */,
				2F2FA3892C37AC5400415FB6 /* chilkoottrail@2x.jpg */,
				2F2FA38A2C37AC5400415FB6 /* chincoteague@2x.jpg */,
				2F2FA38B2C37AC5400415FB6 /* hiddenlake@2x.jpg */,
				2F2FA38C2C37AC5400415FB6 /* icybay@2x.jpg */,
				2F2FA38D2C37AC5400415FB6 /* lakemcdonald@2x.jpg */,
				2F2FA38E2C37AC5400415FB6 /* rainbowlake@2x.jpg */,
				2F2FA38F2C37AC5400415FB6 /* silversalmoncreek@2x.jpg */,
				2F2FA3902C37AC5400415FB6 /* stmarylake@2x.jpg */,
				2F2FA3912C37AC5400415FB6 /* turtlerock@2x.jpg */,
				2F2FA3922C37AC5400415FB6 /* twinlake@2x.jpg */,
				2F2FA3932C37AC5400415FB6 /* umbagog@2x.jpg */,
			);
			path = Images;
			sourceTree = "<group>";
		};
		2F2FA3962C37AC5400415FB6 /* Resources */ = {
			isa = PBXGroup;
			children = (
				2F2FA3942C37AC5400415FB6 /* Images */,
				2F2FA3952C37AC5400415FB6 /* landmarkData.json */,
			);
			path = Resources;
			sourceTree = "<group>";
		};
/* End PBXGroup section */

/* Begin PBXNativeTarget section */
		2F2FA3762C37AC0D00415FB6 /* Landmarks */ = {
			isa = PBXNativeTarget;
			buildConfigurationList = 2F2FA3852C37AC0E00415FB6 /* Build configuration list for PBXNativeTarget "Landmarks" */;
			buildPhases = (
				2F2FA3732C37AC0D00415FB6 /* Sources */,
				2F2FA3742C37AC0D00415FB6 /* Frameworks */,
				2F2FA3752C37AC0D00415FB6 /* Resources */,
			);
			buildRules = (
			);
			dependencies = (
			);
			name = Landmarks;
			productName = Landmarks;
			productReference = 2F2FA3772C37AC0D00415FB6 /* Landmarks.app */;
			productType = "com.apple.product-type.application";
		};
/* End PBXNativeTarget section */

/* Begin PBXProject section */
		2F2FA36F2C37AC0D00415FB6 /* Project object */ = {
			isa = PBXProject;
			attributes = {
				BuildIndependentTargetsInParallel = 1;
				LastSwiftUpdateCheck = 1540;
				LastUpgradeCheck = 1540;
				TargetAttributes = {
					2F2FA3762C37AC0D00415FB6 = {
						CreatedOnToolsVersion = 15.4;
					};
				};
			};
			buildConfigurationList = 2F2FA3722C37AC0D00415FB6 /* Build configuration list for PBXProject "Landmarks" */;
			compatibilityVersion = "Xcode 14.0";
			developmentRegion = en;
			hasScannedForEncodings = 0;
			knownRegions = (
				en,
				Base,
			);
			mainGroup = 2F2FA36E2C37AC0D00415FB6;
			productRefGroup = 2F2FA3782C37AC0D00415FB6 /* Products */;
			projectDirPath = "";
			projectRoot = "";
			targets = (
				2F2FA3762C37AC0D00415FB6 /* Landmarks */,
			);
		};
/* End PBXProject section */

/* Begin PBXResourcesBuildPhase section */
		2F2FA3752C37AC0D00415FB6 /* Resources */ = {
			isa = PBXResourcesBuildPhase;
			buildActionMask = 2147483647;
			files = (
				2F2FA3A12C37AC5400415FB6 /* twinlake@2x.jpg in Resources */,
				2F2FA39F2C37AC5400415FB6 /* stmarylake@2x.jpg in Resources */,
				2F2FA39E2C37AC5400415FB6 /* silversalmoncreek@2x.jpg in Resources */,
				2F2FA3822C37AC0E00415FB6 /* Preview Assets.xcassets in Resources */,
				2F2FA37F2C37AC0E00415FB6 /* Assets.xcassets in Resources */,
				2F2FA3982C37AC5400415FB6 /* chilkoottrail@2x.jpg in Resources */,
				2F2FA39C2C37AC5400415FB6 /* lakemcdonald@2x.jpg in Resources */,
				2F2FA39D2C37AC5400415FB6 /* rainbowlake@2x.jpg in Resources */,
				2F2FA3A32C37AC5400415FB6 /* landmarkData.json in Resources */,
				2F2FA39A2C37AC5400415FB6 /* hiddenlake@2x.jpg in Resources */,
				2F2FA3A22C37AC5400415FB6 /* umbagog@2x.jpg in Resources */,
				2F2FA39B2C37AC5400415FB6 /* icybay@2x.jpg in Resources */,
				2F2FA3A02C37AC5400415FB6 /* turtlerock@2x.jpg in Resources */,
				2F2FA3992C37AC5400415FB6 /* chincoteague@2x.jpg in Resources */,
				2F2FA3972C37AC5400415FB6 /* charleyrivers@2x.jpg in Resources */,
			);
			runOnlyForDeploymentPostprocessing = 0;
		};
/* End PBXResourcesBuildPhase section */

/* Begin PBXSourcesBuildPhase section */
		2F2FA3732C37AC0D00415FB6 /* Sources */ = {
			isa = PBXSourcesBuildPhase;
			buildActionMask = 2147483647;
			files = (
				2F2FA3A72C37AD1F00415FB6 /* LandmarksViewModel.swift in Sources */,
				2F2FA3A52C37AC8E00415FB6 /* LandmarksClient.swift in Sources */,
				2F2FA37D2C37AC0D00415FB6 /* HomeView.swift in Sources */,
				2F2FA37B2C37AC0D00415FB6 /* LandmarksApp.swift in Sources */,
				2F2FA3A92C37AD4600415FB6 /* Landmark.swift in Sources */,
			);
			runOnlyForDeploymentPostprocessing = 0;
		};
/* End PBXSourcesBuildPhase section */

/* Begin XCBuildConfiguration section */
		2F2FA3832C37AC0E00415FB6 /* Debug */ = {
			isa = XCBuildConfiguration;
			buildSettings = {
				ALWAYS_SEARCH_USER_PATHS = NO;
				ASSETCATALOG_COMPILER_GENERATE_SWIFT_ASSET_SYMBOL_EXTENSIONS = YES;
				CLANG_ANALYZER_NONNULL = YES;
				CLANG_ANALYZER_NUMBER_OBJECT_CONVERSION = YES_AGGRESSIVE;
				CLANG_CXX_LANGUAGE_STANDARD = "gnu++20";
				CLANG_ENABLE_MODULES = YES;
				CLANG_ENABLE_OBJC_ARC = YES;
				CLANG_ENABLE_OBJC_WEAK = YES;
				CLANG_WARN_BLOCK_CAPTURE_AUTORELEASING = YES;
				CLANG_WARN_BOOL_CONVERSION = YES;
				CLANG_WARN_COMMA = YES;
				CLANG_WARN_CONSTANT_CONVERSION = YES;
				CLANG_WARN_DEPRECATED_OBJC_IMPLEMENTATIONS = YES;
				CLANG_WARN_DIRECT_OBJC_ISA_USAGE = YES_ERROR;
				CLANG_WARN_DOCUMENTATION_COMMENTS = YES;
				CLANG_WARN_EMPTY_BODY = YES;
				CLANG_WARN_ENUM_CONVERSION = YES;
				CLANG_WARN_INFINITE_RECURSION = YES;
				CLANG_WARN_INT_CONVERSION = YES;
				CLANG_WARN_NON_LITERAL_NULL_CONVERSION = YES;
				CLANG_WARN_OBJC_IMPLICIT_RETAIN_SELF = YES;
				CLANG_WARN_OBJC_LITERAL_CONVERSION = YES;
				CLANG_WARN_OBJC_ROOT_CLASS = YES_ERROR;
				CLANG_WARN_QUOTED_INCLUDE_IN_FRAMEWORK_HEADER = YES;
				CLANG_WARN_RANGE_LOOP_ANALYSIS = YES;
				CLANG_WARN_STRICT_PROTOTYPES = YES;
				CLANG_WARN_SUSPICIOUS_MOVE = YES;
				CLANG_WARN_UNGUARDED_AVAILABILITY = YES_AGGRESSIVE;
				CLANG_WARN_UNREACHABLE_CODE = YES;
				CLANG_WARN__DUPLICATE_METHOD_MATCH = YES;
				COPY_PHASE_STRIP = NO;
				DEBUG_INFORMATION_FORMAT = dwarf;
				ENABLE_STRICT_OBJC_MSGSEND = YES;
				ENABLE_TESTABILITY = YES;
				ENABLE_USER_SCRIPT_SANDBOXING = YES;
				GCC_C_LANGUAGE_STANDARD = gnu17;
				GCC_DYNAMIC_NO_PIC = NO;
				GCC_NO_COMMON_BLOCKS = YES;
				GCC_OPTIMIZATION_LEVEL = 0;
				GCC_PREPROCESSOR_DEFINITIONS = (
					"DEBUG=1",
					"$(inherited)",
				);
				GCC_WARN_64_TO_32_BIT_CONVERSION = YES;
				GCC_WARN_ABOUT_RETURN_TYPE = YES_ERROR;
				GCC_WARN_UNDECLARED_SELECTOR = YES;
				GCC_WARN_UNINITIALIZED_AUTOS = YES_AGGRESSIVE;
				GCC_WARN_UNUSED_FUNCTION = YES;
				GCC_WARN_UNUSED_VARIABLE = YES;
				IPHONEOS_DEPLOYMENT_TARGET = 17.5;
				LOCALIZATION_PREFERS_STRING_CATALOGS = YES;
				MTL_ENABLE_DEBUG_INFO = INCLUDE_SOURCE;
				MTL_FAST_MATH = YES;
				ONLY_ACTIVE_ARCH = YES;
				SDKROOT = iphoneos;
				SWIFT_ACTIVE_COMPILATION_CONDITIONS = "DEBUG $(inherited)";
				SWIFT_OPTIMIZATION_LEVEL = "-Onone";
			};
			name = Debug;
		};
		2F2FA3842C37AC0E00415FB6 /* Release */ = {
			isa = XCBuildConfiguration;
			buildSettings = {
				ALWAYS_SEARCH_USER_PATHS = NO;
				ASSETCATALOG_COMPILER_GENERATE_SWIFT_ASSET_SYMBOL_EXTENSIONS = YES;
				CLANG_ANALYZER_NONNULL = YES;
				CLANG_ANALYZER_NUMBER_OBJECT_CONVERSION = YES_AGGRESSIVE;
				CLANG_CXX_LANGUAGE_STANDARD = "gnu++20";
				CLANG_ENABLE_MODULES = YES;
				CLANG_ENABLE_OBJC_ARC = YES;
				CLANG_ENABLE_OBJC_WEAK = YES;
				CLANG_WARN_BLOCK_CAPTURE_AUTORELEASING = YES;
				CLANG_WARN_BOOL_CONVERSION = YES;
				CLANG_WARN_COMMA = YES;
				CLANG_WARN_CONSTANT_CONVERSION = YES;
				CLANG_WARN_DEPRECATED_OBJC_IMPLEMENTATIONS = YES;
				CLANG_WARN_DIRECT_OBJC_ISA_USAGE = YES_ERROR;
				CLANG_WARN_DOCUMENTATION_COMMENTS = YES;
				CLANG_WARN_EMPTY_BODY = YES;
				CLANG_WARN_ENUM_CONVERSION = YES;
				CLANG_WARN_INFINITE_RECURSION = YES;
				CLANG_WARN_INT_CONVERSION = YES;
				CLANG_WARN_NON_LITERAL_NULL_CONVERSION = YES;
				CLANG_WARN_OBJC_IMPLICIT_RETAIN_SELF = YES;
				CLANG_WARN_OBJC_LITERAL_CONVERSION = YES;
				CLANG_WARN_OBJC_ROOT_CLASS = YES_ERROR;
				CLANG_WARN_QUOTED_INCLUDE_IN_FRAMEWORK_HEADER = YES;
				CLANG_WARN_RANGE_LOOP_ANALYSIS = YES;
				CLANG_WARN_STRICT_PROTOTYPES = YES;
				CLANG_WARN_SUSPICIOUS_MOVE = YES;
				CLANG_WARN_UNGUARDED_AVAILABILITY = YES_AGGRESSIVE;
				CLANG_WARN_UNREACHABLE_CODE = YES;
				CLANG_WARN__DUPLICATE_METHOD_MATCH = YES;
				COPY_PHASE_STRIP = NO;
				DEBUG_INFORMATION_FORMAT = "dwarf-with-dsym";
				ENABLE_NS_ASSERTIONS = NO;
				ENABLE_STRICT_OBJC_MSGSEND = YES;
				ENABLE_USER_SCRIPT_SANDBOXING = YES;
				GCC_C_LANGUAGE_STANDARD = gnu17;
				GCC_NO_COMMON_BLOCKS = YES;
				GCC_WARN_64_TO_32_BIT_CONVERSION = YES;
				GCC_WARN_ABOUT_RETURN_TYPE = YES_ERROR;
				GCC_WARN_UNDECLARED_SELECTOR = YES;
				GCC_WARN_UNINITIALIZED_AUTOS = YES_AGGRESSIVE;
				GCC_WARN_UNUSED_FUNCTION = YES;
				GCC_WARN_UNUSED_VARIABLE = YES;
				IPHONEOS_DEPLOYMENT_TARGET = 17.5;
				LOCALIZATION_PREFERS_STRING_CATALOGS = YES;
				MTL_ENABLE_DEBUG_INFO = NO;
				MTL_FAST_MATH = YES;
				SDKROOT = iphoneos;
				SWIFT_COMPILATION_MODE = wholemodule;
				VALIDATE_PRODUCT = YES;
			};
			name = Release;
		};
		2F2FA3862C37AC0E00415FB6 /* Debug */ = {
			isa = XCBuildConfiguration;
			buildSettings = {
				ASSETCATALOG_COMPILER_APPICON_NAME = AppIcon;
				ASSETCATALOG_COMPILER_GLOBAL_ACCENT_COLOR_NAME = AccentColor;
				CODE_SIGN_STYLE = Automatic;
				CURRENT_PROJECT_VERSION = 1;
				DEVELOPMENT_ASSET_PATHS = "\"Landmarks/Preview Content\"";
				ENABLE_PREVIEWS = YES;
				GENERATE_INFOPLIST_FILE = YES;
				INFOPLIST_KEY_UIApplicationSceneManifest_Generation = YES;
				INFOPLIST_KEY_UIApplicationSupportsIndirectInputEvents = YES;
				INFOPLIST_KEY_UILaunchScreen_Generation = YES;
				INFOPLIST_KEY_UISupportedInterfaceOrientations_iPad = "UIInterfaceOrientationPortrait UIInterfaceOrientationPortraitUpsideDown UIInterfaceOrientationLandscapeLeft UIInterfaceOrientationLandscapeRight";
				INFOPLIST_KEY_UISupportedInterfaceOrientations_iPhone = "UIInterfaceOrientationPortrait UIInterfaceOrientationLandscapeLeft UIInterfaceOrientationLandscapeRight";
				LD_RUNPATH_SEARCH_PATHS = (
					"$(inherited)",
					"@executable_path/Frameworks",
				);
				MARKETING_VERSION = 1.0;
				PRODUCT_BUNDLE_IDENTIFIER = com.rokonuddin.Landmarks;
				PRODUCT_NAME = "$(TARGET_NAME)";
				SWIFT_EMIT_LOC_STRINGS = YES;
				SWIFT_VERSION = 5.0;
				TARGETED_DEVICE_FAMILY = "1,2";
			};
			name = Debug;
		};
		2F2FA3872C37AC0E00415FB6 /* Release */ = {
			isa = XCBuildConfiguration;
			buildSettings = {
				ASSETCATALOG_COMPILER_APPICON_NAME = AppIcon;
				ASSETCATALOG_COMPILER_GLOBAL_ACCENT_COLOR_NAME = AccentColor;
				CODE_SIGN_STYLE = Automatic;
				CURRENT_PROJECT_VERSION = 1;
				DEVELOPMENT_ASSET_PATHS = "\"Landmarks/Preview Content\"";
				ENABLE_PREVIEWS = YES;
				GENERATE_INFOPLIST_FILE = YES;
				INFOPLIST_KEY_UIApplicationSceneManifest_Generation = YES;
				INFOPLIST_KEY_UIApplicationSupportsIndirectInputEvents = YES;
				INFOPLIST_KEY_UILaunchScreen_Generation = YES;
				INFOPLIST_KEY_UISupportedInterfaceOrientations_iPad = "UIInterfaceOrientationPortrait UIInterfaceOrientationPortraitUpsideDown UIInterfaceOrientationLandscapeLeft UIInterfaceOrientationLandscapeRight";
				INFOPLIST_KEY_UISupportedInterfaceOrientations_iPhone = "UIInterfaceOrientationPortrait UIInterfaceOrientationLandscapeLeft UIInterfaceOrientationLandscapeRight";
				LD_RUNPATH_SEARCH_PATHS = (
					"$(inherited)",
					"@executable_path/Frameworks",
				);
				MARKETING_VERSION = 1.0;
				PRODUCT_BUNDLE_IDENTIFIER = com.rokonuddin.Landmarks;
				PRODUCT_NAME = "$(TARGET_NAME)";
				SWIFT_EMIT_LOC_STRINGS = YES;
				SWIFT_VERSION = 5.0;
				TARGETED_DEVICE_FAMILY = "1,2";
			};
			name = Release;
		};
/* End XCBuildConfiguration section */

/* Begin XCConfigurationList section */
		2F2FA3722C37AC0D00415FB6 /* Build configuration list for PBXProject "Landmarks" */ = {
			isa = XCConfigurationList;
			buildConfigurations = (
				2F2FA3832C37AC0E00415FB6 /* Debug */,
				2F2FA3842C37AC0E00415FB6 /* Release */,
			);
			defaultConfigurationIsVisible = 0;
			defaultConfigurationName = Release;
		};
		2F2FA3852C37AC0E00415FB6 /* Build configuration list for PBXNativeTarget "Landmarks" */ = {
			isa = XCConfigurationList;
			buildConfigurations = (
				2F2FA3862C37AC0E00415FB6 /* Debug */,
				2F2FA3872C37AC0E00415FB6 /* Release */,
			);
			defaultConfigurationIsVisible = 0;
			defaultConfigurationName = Release;
		};
/* End XCConfigurationList section */
	};
	rootObject = 2F2FA36F2C37AC0D00415FB6 /* Project object */;
}
